{
  "name": "bingchat",
  "lockfileVersion": 3,
  "requires": true,
  "packages": {
    "": {
      "dependencies": {
        "mp-html": "^2.4.1"
      }
    },
    "node_modules/mp-html": {
      "version": "2.4.1",
      "resolved": "https://registry.npmjs.org/mp-html/-/mp-html-2.4.1.tgz",
      "integrity": "sha512-io/SMZwmlqQwWuD3AwpnVslvR/Xz7xhhbAxHQ3n5ooQQQ1v2tF+ikEfyepAdOi4lUePZ70VM3hEV3EEGamkhVA=="
    }
  }
}
